
Microsoft Visual Studio Solution File, Format Version 12.00
# Visual Studio 15
VisualStudioVersion = 15.0.26124.0
MinimumVisualStudioVersion = 15.0.26124.0
Project("{2150E333-8FDC-42A3-9474-1A3956D46DE8}") = "src", "src", "{18313A2E-1E1C-4329-B2CE-F970CE289A84}"
EndProject
Project("{FAE04EC0-301F-11D3-BF4B-00C04F79EFBC}") = "OpenFTTH.GDBIntegrator", "src\OpenFTTH.GDBIntegrator\OpenFTTH.GDBIntegrator.csproj", "{7B64001E-AD40-44EF-994B-F8B9E7836270}"
EndProject
Project("{2150E333-8FDC-42A3-9474-1A3956D46DE8}") = "test", "test", "{0FC16A1F-3E5E-439A-BF3F-29819BA4467D}"
EndProject
Project("{FAE04EC0-301F-11D3-BF4B-00C04F79EFBC}") = "OpenFTTH.GDBIntegrator.Tests", "test\OpenFTTH.GDBIntegrator.Tests\OpenFTTH.GDBIntegrator.Tests.csproj", "{3D8D7E29-57A6-4DD8-9FAB-14DDCAB4EDEE}"
EndProject
Global
	GlobalSection(SolutionConfigurationPlatforms) = preSolution
		Debug|Any CPU = Debug|Any CPU
		Debug|x64 = Debug|x64
		Debug|x86 = Debug|x86
		Release|Any CPU = Release|Any CPU
		Release|x64 = Release|x64
		Release|x86 = Release|x86
	EndGlobalSection
	GlobalSection(SolutionProperties) = preSolution
		HideSolutionNode = FALSE
	EndGlobalSection
	GlobalSection(ProjectConfigurationPlatforms) = postSolution
		{7B64001E-AD40-44EF-994B-F8B9E7836270}.Debug|Any CPU.ActiveCfg = Debug|Any CPU
		{7B64001E-AD40-44EF-994B-F8B9E7836270}.Debug|Any CPU.Build.0 = Debug|Any CPU
		{7B64001E-AD40-44EF-994B-F8B9E7836270}.Debug|x64.ActiveCfg = Debug|Any CPU
		{7B64001E-AD40-44EF-994B-F8B9E7836270}.Debug|x64.Build.0 = Debug|Any CPU
		{7B64001E-AD40-44EF-994B-F8B9E7836270}.Debug|x86.ActiveCfg = Debug|Any CPU
		{7B64001E-AD40-44EF-994B-F8B9E7836270}.Debug|x86.Build.0 = Debug|Any CPU
		{7B64001E-AD40-44EF-994B-F8B9E7836270}.Release|Any CPU.ActiveCfg = Release|Any CPU
		{7B64001E-AD40-44EF-994B-F8B9E7836270}.Release|Any CPU.Build.0 = Release|Any CPU
		{7B64001E-AD40-44EF-994B-F8B9E7836270}.Release|x64.ActiveCfg = Release|Any CPU
		{7B64001E-AD40-44EF-994B-F8B9E7836270}.Release|x64.Build.0 = Release|Any CPU
		{7B64001E-AD40-44EF-994B-F8B9E7836270}.Release|x86.ActiveCfg = Release|Any CPU
		{7B64001E-AD40-44EF-994B-F8B9E7836270}.Release|x86.Build.0 = Release|Any CPU
		{3D8D7E29-57A6-4DD8-9FAB-14DDCAB4EDEE}.Debug|Any CPU.ActiveCfg = Debug|Any CPU
		{3D8D7E29-57A6-4DD8-9FAB-14DDCAB4EDEE}.Debug|Any CPU.Build.0 = Debug|Any CPU
		{3D8D7E29-57A6-4DD8-9FAB-14DDCAB4EDEE}.Debug|x64.ActiveCfg = Debug|Any CPU
		{3D8D7E29-57A6-4DD8-9FAB-14DDCAB4EDEE}.Debug|x64.Build.0 = Debug|Any CPU
		{3D8D7E29-57A6-4DD8-9FAB-14DDCAB4EDEE}.Debug|x86.ActiveCfg = Debug|Any CPU
		{3D8D7E29-57A6-4DD8-9FAB-14DDCAB4EDEE}.Debug|x86.Build.0 = Debug|Any CPU
		{3D8D7E29-57A6-4DD8-9FAB-14DDCAB4EDEE}.Release|Any CPU.ActiveCfg = Release|Any CPU
		{3D8D7E29-57A6-4DD8-9FAB-14DDCAB4EDEE}.Release|Any CPU.Build.0 = Release|Any CPU
		{3D8D7E29-57A6-4DD8-9FAB-14DDCAB4EDEE}.Release|x64.ActiveCfg = Release|Any CPU
		{3D8D7E29-57A6-4DD8-9FAB-14DDCAB4EDEE}.Release|x64.Build.0 = Release|Any CPU
		{3D8D7E29-57A6-4DD8-9FAB-14DDCAB4EDEE}.Release|x86.ActiveCfg = Release|Any CPU
		{3D8D7E29-57A6-4DD8-9FAB-14DDCAB4EDEE}.Release|x86.Build.0 = Release|Any CPU
	EndGlobalSection
	GlobalSection(NestedProjects) = preSolution
		{7B64001E-AD40-44EF-994B-F8B9E7836270} = {18313A2E-1E1C-4329-B2CE-F970CE289A84}
		{3D8D7E29-57A6-4DD8-9FAB-14DDCAB4EDEE} = {0FC16A1F-3E5E-439A-BF3F-29819BA4467D}
	EndGlobalSection
EndGlobal
