
Microsoft Visual Studio Solution File, Format Version 12.00
# Visual Studio 15
VisualStudioVersion = 15.0.26124.0
MinimumVisualStudioVersion = 15.0.26124.0
Project("{2150E333-8FDC-42A3-9474-1A3956D46DE8}") = "src", "src", "{18313A2E-1E1C-4329-B2CE-F970CE289A84}"
EndProject
Project("{FAE04EC0-301F-11D3-BF4B-00C04F79EFBC}") = "OpenFTTH.GDBIntegrator", "src\OpenFTTH.GDBIntegrator\OpenFTTH.GDBIntegrator.csproj", "{7B64001E-AD40-44EF-994B-F8B9E7836270}"
EndProject
Project("{2150E333-8FDC-42A3-9474-1A3956D46DE8}") = "test", "test", "{0FC16A1F-3E5E-439A-BF3F-29819BA4467D}"
EndProject
Project("{FAE04EC0-301F-11D3-BF4B-00C04F79EFBC}") = "OpenFTTH.GDBIntegrator.Tests", "test\OpenFTTH.GDBIntegrator.Tests\OpenFTTH.GDBIntegrator.Tests.csproj", "{3D8D7E29-57A6-4DD8-9FAB-14DDCAB4EDEE}"
EndProject
Project("{FAE04EC0-301F-11D3-BF4B-00C04F79EFBC}") = "OpenFTTH.GDBIntegrator.Subscriber", "src\OpenFTTH.GDBIntegrator.Subscriber\OpenFTTH.GDBIntegrator.Subscriber.csproj", "{F808D1BC-AEE9-4E4D-AD5F-915BD01B4AF8}"
EndProject
Project("{FAE04EC0-301F-11D3-BF4B-00C04F79EFBC}") = "OpenFTTH.GDBIntegrator.Subscriber.Tests", "test\OpenFTTH.GDBIntegrator.Subscriber.Tests\OpenFTTH.GDBIntegrator.Subscriber.Tests.csproj", "{415B6664-FC1D-4572-A80C-A051032B2A6F}"
EndProject
Project("{FAE04EC0-301F-11D3-BF4B-00C04F79EFBC}") = "OpenFTTH.GDBIntegrator.RouteNetwork", "src\OpenFTTH.GDBIntegrator.RouteNetwork\OpenFTTH.GDBIntegrator.RouteNetwork.csproj", "{3B834624-B8A7-4AA1-ADEF-7D495C739844}"
EndProject
Project("{FAE04EC0-301F-11D3-BF4B-00C04F79EFBC}") = "OpenFTTH.GDBIntegrator.Config", "src\OpenFTTH.GDBIntegrator.Config\OpenFTTH.GDBIntegrator.Config.csproj", "{A9D31C6B-CCE3-46D7-9792-D9A26F273A78}"
EndProject
Project("{FAE04EC0-301F-11D3-BF4B-00C04F79EFBC}") = "OpenFTTH.GDBIntegrator.RouteNetwork.Tests", "test\OpenFTTH.GDBIntegrator.RouteNetwork.Tests\OpenFTTH.GDBIntegrator.RouteNetwork.Tests.csproj", "{40A541FB-1EB1-4E99-9929-964268E392C9}"
EndProject
Project("{FAE04EC0-301F-11D3-BF4B-00C04F79EFBC}") = "OpenFTTH.GDBIntegrator.Producer", "src\OpenFTTH.GDBIntegrator.Producer\OpenFTTH.GDBIntegrator.Producer.csproj", "{76DF87D9-DCB8-46D6-A6F5-6FBEEEB36B4A}"
EndProject
Project("{FAE04EC0-301F-11D3-BF4B-00C04F79EFBC}") = "OpenFTTH.GDBIntegrator.Producer.Tests", "test\OpenFTTH.GDBIntegrator.Producer.Tests\OpenFTTH.GDBIntegrator.Producer.Tests.csproj", "{E9551732-CE89-4C94-9CDE-26BC900388E7}"
EndProject
Project("{FAE04EC0-301F-11D3-BF4B-00C04F79EFBC}") = "OpenFTTH.GDBIntegrator.Config.Tests", "test\OpenFTTH.GDBIntegrator.Config.Tests\OpenFTTH.GDBIntegrator.Config.Tests.csproj", "{A93E9F9E-F8E4-4E98-BC77-5D0C535FBE62}"
EndProject
Global
	GlobalSection(SolutionConfigurationPlatforms) = preSolution
		Debug|Any CPU = Debug|Any CPU
		Debug|x64 = Debug|x64
		Debug|x86 = Debug|x86
		Release|Any CPU = Release|Any CPU
		Release|x64 = Release|x64
		Release|x86 = Release|x86
	EndGlobalSection
	GlobalSection(SolutionProperties) = preSolution
		HideSolutionNode = FALSE
	EndGlobalSection
	GlobalSection(ProjectConfigurationPlatforms) = postSolution
		{7B64001E-AD40-44EF-994B-F8B9E7836270}.Debug|Any CPU.ActiveCfg = Debug|Any CPU
		{7B64001E-AD40-44EF-994B-F8B9E7836270}.Debug|Any CPU.Build.0 = Debug|Any CPU
		{7B64001E-AD40-44EF-994B-F8B9E7836270}.Debug|x64.ActiveCfg = Debug|Any CPU
		{7B64001E-AD40-44EF-994B-F8B9E7836270}.Debug|x64.Build.0 = Debug|Any CPU
		{7B64001E-AD40-44EF-994B-F8B9E7836270}.Debug|x86.ActiveCfg = Debug|Any CPU
		{7B64001E-AD40-44EF-994B-F8B9E7836270}.Debug|x86.Build.0 = Debug|Any CPU
		{7B64001E-AD40-44EF-994B-F8B9E7836270}.Release|Any CPU.ActiveCfg = Release|Any CPU
		{7B64001E-AD40-44EF-994B-F8B9E7836270}.Release|Any CPU.Build.0 = Release|Any CPU
		{7B64001E-AD40-44EF-994B-F8B9E7836270}.Release|x64.ActiveCfg = Release|Any CPU
		{7B64001E-AD40-44EF-994B-F8B9E7836270}.Release|x64.Build.0 = Release|Any CPU
		{7B64001E-AD40-44EF-994B-F8B9E7836270}.Release|x86.ActiveCfg = Release|Any CPU
		{7B64001E-AD40-44EF-994B-F8B9E7836270}.Release|x86.Build.0 = Release|Any CPU
		{3D8D7E29-57A6-4DD8-9FAB-14DDCAB4EDEE}.Debug|Any CPU.ActiveCfg = Debug|Any CPU
		{3D8D7E29-57A6-4DD8-9FAB-14DDCAB4EDEE}.Debug|Any CPU.Build.0 = Debug|Any CPU
		{3D8D7E29-57A6-4DD8-9FAB-14DDCAB4EDEE}.Debug|x64.ActiveCfg = Debug|Any CPU
		{3D8D7E29-57A6-4DD8-9FAB-14DDCAB4EDEE}.Debug|x64.Build.0 = Debug|Any CPU
		{3D8D7E29-57A6-4DD8-9FAB-14DDCAB4EDEE}.Debug|x86.ActiveCfg = Debug|Any CPU
		{3D8D7E29-57A6-4DD8-9FAB-14DDCAB4EDEE}.Debug|x86.Build.0 = Debug|Any CPU
		{3D8D7E29-57A6-4DD8-9FAB-14DDCAB4EDEE}.Release|Any CPU.ActiveCfg = Release|Any CPU
		{3D8D7E29-57A6-4DD8-9FAB-14DDCAB4EDEE}.Release|Any CPU.Build.0 = Release|Any CPU
		{3D8D7E29-57A6-4DD8-9FAB-14DDCAB4EDEE}.Release|x64.ActiveCfg = Release|Any CPU
		{3D8D7E29-57A6-4DD8-9FAB-14DDCAB4EDEE}.Release|x64.Build.0 = Release|Any CPU
		{3D8D7E29-57A6-4DD8-9FAB-14DDCAB4EDEE}.Release|x86.ActiveCfg = Release|Any CPU
		{3D8D7E29-57A6-4DD8-9FAB-14DDCAB4EDEE}.Release|x86.Build.0 = Release|Any CPU
		{F808D1BC-AEE9-4E4D-AD5F-915BD01B4AF8}.Debug|Any CPU.ActiveCfg = Debug|Any CPU
		{F808D1BC-AEE9-4E4D-AD5F-915BD01B4AF8}.Debug|Any CPU.Build.0 = Debug|Any CPU
		{F808D1BC-AEE9-4E4D-AD5F-915BD01B4AF8}.Debug|x64.ActiveCfg = Debug|Any CPU
		{F808D1BC-AEE9-4E4D-AD5F-915BD01B4AF8}.Debug|x64.Build.0 = Debug|Any CPU
		{F808D1BC-AEE9-4E4D-AD5F-915BD01B4AF8}.Debug|x86.ActiveCfg = Debug|Any CPU
		{F808D1BC-AEE9-4E4D-AD5F-915BD01B4AF8}.Debug|x86.Build.0 = Debug|Any CPU
		{F808D1BC-AEE9-4E4D-AD5F-915BD01B4AF8}.Release|Any CPU.ActiveCfg = Release|Any CPU
		{F808D1BC-AEE9-4E4D-AD5F-915BD01B4AF8}.Release|Any CPU.Build.0 = Release|Any CPU
		{F808D1BC-AEE9-4E4D-AD5F-915BD01B4AF8}.Release|x64.ActiveCfg = Release|Any CPU
		{F808D1BC-AEE9-4E4D-AD5F-915BD01B4AF8}.Release|x64.Build.0 = Release|Any CPU
		{F808D1BC-AEE9-4E4D-AD5F-915BD01B4AF8}.Release|x86.ActiveCfg = Release|Any CPU
		{F808D1BC-AEE9-4E4D-AD5F-915BD01B4AF8}.Release|x86.Build.0 = Release|Any CPU
		{415B6664-FC1D-4572-A80C-A051032B2A6F}.Debug|Any CPU.ActiveCfg = Debug|Any CPU
		{415B6664-FC1D-4572-A80C-A051032B2A6F}.Debug|Any CPU.Build.0 = Debug|Any CPU
		{415B6664-FC1D-4572-A80C-A051032B2A6F}.Debug|x64.ActiveCfg = Debug|Any CPU
		{415B6664-FC1D-4572-A80C-A051032B2A6F}.Debug|x64.Build.0 = Debug|Any CPU
		{415B6664-FC1D-4572-A80C-A051032B2A6F}.Debug|x86.ActiveCfg = Debug|Any CPU
		{415B6664-FC1D-4572-A80C-A051032B2A6F}.Debug|x86.Build.0 = Debug|Any CPU
		{415B6664-FC1D-4572-A80C-A051032B2A6F}.Release|Any CPU.ActiveCfg = Release|Any CPU
		{415B6664-FC1D-4572-A80C-A051032B2A6F}.Release|Any CPU.Build.0 = Release|Any CPU
		{415B6664-FC1D-4572-A80C-A051032B2A6F}.Release|x64.ActiveCfg = Release|Any CPU
		{415B6664-FC1D-4572-A80C-A051032B2A6F}.Release|x64.Build.0 = Release|Any CPU
		{415B6664-FC1D-4572-A80C-A051032B2A6F}.Release|x86.ActiveCfg = Release|Any CPU
		{415B6664-FC1D-4572-A80C-A051032B2A6F}.Release|x86.Build.0 = Release|Any CPU
		{3B834624-B8A7-4AA1-ADEF-7D495C739844}.Debug|Any CPU.ActiveCfg = Debug|Any CPU
		{3B834624-B8A7-4AA1-ADEF-7D495C739844}.Debug|Any CPU.Build.0 = Debug|Any CPU
		{3B834624-B8A7-4AA1-ADEF-7D495C739844}.Debug|x64.ActiveCfg = Debug|Any CPU
		{3B834624-B8A7-4AA1-ADEF-7D495C739844}.Debug|x64.Build.0 = Debug|Any CPU
		{3B834624-B8A7-4AA1-ADEF-7D495C739844}.Debug|x86.ActiveCfg = Debug|Any CPU
		{3B834624-B8A7-4AA1-ADEF-7D495C739844}.Debug|x86.Build.0 = Debug|Any CPU
		{3B834624-B8A7-4AA1-ADEF-7D495C739844}.Release|Any CPU.ActiveCfg = Release|Any CPU
		{3B834624-B8A7-4AA1-ADEF-7D495C739844}.Release|Any CPU.Build.0 = Release|Any CPU
		{3B834624-B8A7-4AA1-ADEF-7D495C739844}.Release|x64.ActiveCfg = Release|Any CPU
		{3B834624-B8A7-4AA1-ADEF-7D495C739844}.Release|x64.Build.0 = Release|Any CPU
		{3B834624-B8A7-4AA1-ADEF-7D495C739844}.Release|x86.ActiveCfg = Release|Any CPU
		{3B834624-B8A7-4AA1-ADEF-7D495C739844}.Release|x86.Build.0 = Release|Any CPU
		{A9D31C6B-CCE3-46D7-9792-D9A26F273A78}.Debug|Any CPU.ActiveCfg = Debug|Any CPU
		{A9D31C6B-CCE3-46D7-9792-D9A26F273A78}.Debug|Any CPU.Build.0 = Debug|Any CPU
		{A9D31C6B-CCE3-46D7-9792-D9A26F273A78}.Debug|x64.ActiveCfg = Debug|Any CPU
		{A9D31C6B-CCE3-46D7-9792-D9A26F273A78}.Debug|x64.Build.0 = Debug|Any CPU
		{A9D31C6B-CCE3-46D7-9792-D9A26F273A78}.Debug|x86.ActiveCfg = Debug|Any CPU
		{A9D31C6B-CCE3-46D7-9792-D9A26F273A78}.Debug|x86.Build.0 = Debug|Any CPU
		{A9D31C6B-CCE3-46D7-9792-D9A26F273A78}.Release|Any CPU.ActiveCfg = Release|Any CPU
		{A9D31C6B-CCE3-46D7-9792-D9A26F273A78}.Release|Any CPU.Build.0 = Release|Any CPU
		{A9D31C6B-CCE3-46D7-9792-D9A26F273A78}.Release|x64.ActiveCfg = Release|Any CPU
		{A9D31C6B-CCE3-46D7-9792-D9A26F273A78}.Release|x64.Build.0 = Release|Any CPU
		{A9D31C6B-CCE3-46D7-9792-D9A26F273A78}.Release|x86.ActiveCfg = Release|Any CPU
		{A9D31C6B-CCE3-46D7-9792-D9A26F273A78}.Release|x86.Build.0 = Release|Any CPU
		{40A541FB-1EB1-4E99-9929-964268E392C9}.Debug|Any CPU.ActiveCfg = Debug|Any CPU
		{40A541FB-1EB1-4E99-9929-964268E392C9}.Debug|Any CPU.Build.0 = Debug|Any CPU
		{40A541FB-1EB1-4E99-9929-964268E392C9}.Debug|x64.ActiveCfg = Debug|Any CPU
		{40A541FB-1EB1-4E99-9929-964268E392C9}.Debug|x64.Build.0 = Debug|Any CPU
		{40A541FB-1EB1-4E99-9929-964268E392C9}.Debug|x86.ActiveCfg = Debug|Any CPU
		{40A541FB-1EB1-4E99-9929-964268E392C9}.Debug|x86.Build.0 = Debug|Any CPU
		{40A541FB-1EB1-4E99-9929-964268E392C9}.Release|Any CPU.ActiveCfg = Release|Any CPU
		{40A541FB-1EB1-4E99-9929-964268E392C9}.Release|Any CPU.Build.0 = Release|Any CPU
		{40A541FB-1EB1-4E99-9929-964268E392C9}.Release|x64.ActiveCfg = Release|Any CPU
		{40A541FB-1EB1-4E99-9929-964268E392C9}.Release|x64.Build.0 = Release|Any CPU
		{40A541FB-1EB1-4E99-9929-964268E392C9}.Release|x86.ActiveCfg = Release|Any CPU
		{40A541FB-1EB1-4E99-9929-964268E392C9}.Release|x86.Build.0 = Release|Any CPU
		{76DF87D9-DCB8-46D6-A6F5-6FBEEEB36B4A}.Debug|Any CPU.ActiveCfg = Debug|Any CPU
		{76DF87D9-DCB8-46D6-A6F5-6FBEEEB36B4A}.Debug|Any CPU.Build.0 = Debug|Any CPU
		{76DF87D9-DCB8-46D6-A6F5-6FBEEEB36B4A}.Debug|x64.ActiveCfg = Debug|Any CPU
		{76DF87D9-DCB8-46D6-A6F5-6FBEEEB36B4A}.Debug|x64.Build.0 = Debug|Any CPU
		{76DF87D9-DCB8-46D6-A6F5-6FBEEEB36B4A}.Debug|x86.ActiveCfg = Debug|Any CPU
		{76DF87D9-DCB8-46D6-A6F5-6FBEEEB36B4A}.Debug|x86.Build.0 = Debug|Any CPU
		{76DF87D9-DCB8-46D6-A6F5-6FBEEEB36B4A}.Release|Any CPU.ActiveCfg = Release|Any CPU
		{76DF87D9-DCB8-46D6-A6F5-6FBEEEB36B4A}.Release|Any CPU.Build.0 = Release|Any CPU
		{76DF87D9-DCB8-46D6-A6F5-6FBEEEB36B4A}.Release|x64.ActiveCfg = Release|Any CPU
		{76DF87D9-DCB8-46D6-A6F5-6FBEEEB36B4A}.Release|x64.Build.0 = Release|Any CPU
		{76DF87D9-DCB8-46D6-A6F5-6FBEEEB36B4A}.Release|x86.ActiveCfg = Release|Any CPU
		{76DF87D9-DCB8-46D6-A6F5-6FBEEEB36B4A}.Release|x86.Build.0 = Release|Any CPU
		{E9551732-CE89-4C94-9CDE-26BC900388E7}.Debug|Any CPU.ActiveCfg = Debug|Any CPU
		{E9551732-CE89-4C94-9CDE-26BC900388E7}.Debug|Any CPU.Build.0 = Debug|Any CPU
		{E9551732-CE89-4C94-9CDE-26BC900388E7}.Debug|x64.ActiveCfg = Debug|Any CPU
		{E9551732-CE89-4C94-9CDE-26BC900388E7}.Debug|x64.Build.0 = Debug|Any CPU
		{E9551732-CE89-4C94-9CDE-26BC900388E7}.Debug|x86.ActiveCfg = Debug|Any CPU
		{E9551732-CE89-4C94-9CDE-26BC900388E7}.Debug|x86.Build.0 = Debug|Any CPU
		{E9551732-CE89-4C94-9CDE-26BC900388E7}.Release|Any CPU.ActiveCfg = Release|Any CPU
		{E9551732-CE89-4C94-9CDE-26BC900388E7}.Release|Any CPU.Build.0 = Release|Any CPU
		{E9551732-CE89-4C94-9CDE-26BC900388E7}.Release|x64.ActiveCfg = Release|Any CPU
		{E9551732-CE89-4C94-9CDE-26BC900388E7}.Release|x64.Build.0 = Release|Any CPU
		{E9551732-CE89-4C94-9CDE-26BC900388E7}.Release|x86.ActiveCfg = Release|Any CPU
		{E9551732-CE89-4C94-9CDE-26BC900388E7}.Release|x86.Build.0 = Release|Any CPU
		{A93E9F9E-F8E4-4E98-BC77-5D0C535FBE62}.Debug|Any CPU.ActiveCfg = Debug|Any CPU
		{A93E9F9E-F8E4-4E98-BC77-5D0C535FBE62}.Debug|Any CPU.Build.0 = Debug|Any CPU
		{A93E9F9E-F8E4-4E98-BC77-5D0C535FBE62}.Debug|x64.ActiveCfg = Debug|Any CPU
		{A93E9F9E-F8E4-4E98-BC77-5D0C535FBE62}.Debug|x64.Build.0 = Debug|Any CPU
		{A93E9F9E-F8E4-4E98-BC77-5D0C535FBE62}.Debug|x86.ActiveCfg = Debug|Any CPU
		{A93E9F9E-F8E4-4E98-BC77-5D0C535FBE62}.Debug|x86.Build.0 = Debug|Any CPU
		{A93E9F9E-F8E4-4E98-BC77-5D0C535FBE62}.Release|Any CPU.ActiveCfg = Release|Any CPU
		{A93E9F9E-F8E4-4E98-BC77-5D0C535FBE62}.Release|Any CPU.Build.0 = Release|Any CPU
		{A93E9F9E-F8E4-4E98-BC77-5D0C535FBE62}.Release|x64.ActiveCfg = Release|Any CPU
		{A93E9F9E-F8E4-4E98-BC77-5D0C535FBE62}.Release|x64.Build.0 = Release|Any CPU
		{A93E9F9E-F8E4-4E98-BC77-5D0C535FBE62}.Release|x86.ActiveCfg = Release|Any CPU
		{A93E9F9E-F8E4-4E98-BC77-5D0C535FBE62}.Release|x86.Build.0 = Release|Any CPU
	EndGlobalSection
	GlobalSection(NestedProjects) = preSolution
		{7B64001E-AD40-44EF-994B-F8B9E7836270} = {18313A2E-1E1C-4329-B2CE-F970CE289A84}
		{3D8D7E29-57A6-4DD8-9FAB-14DDCAB4EDEE} = {0FC16A1F-3E5E-439A-BF3F-29819BA4467D}
		{F808D1BC-AEE9-4E4D-AD5F-915BD01B4AF8} = {18313A2E-1E1C-4329-B2CE-F970CE289A84}
		{415B6664-FC1D-4572-A80C-A051032B2A6F} = {0FC16A1F-3E5E-439A-BF3F-29819BA4467D}
		{3B834624-B8A7-4AA1-ADEF-7D495C739844} = {18313A2E-1E1C-4329-B2CE-F970CE289A84}
		{A9D31C6B-CCE3-46D7-9792-D9A26F273A78} = {18313A2E-1E1C-4329-B2CE-F970CE289A84}
		{40A541FB-1EB1-4E99-9929-964268E392C9} = {0FC16A1F-3E5E-439A-BF3F-29819BA4467D}
		{76DF87D9-DCB8-46D6-A6F5-6FBEEEB36B4A} = {18313A2E-1E1C-4329-B2CE-F970CE289A84}
		{E9551732-CE89-4C94-9CDE-26BC900388E7} = {0FC16A1F-3E5E-439A-BF3F-29819BA4467D}
		{A93E9F9E-F8E4-4E98-BC77-5D0C535FBE62} = {0FC16A1F-3E5E-439A-BF3F-29819BA4467D}
	EndGlobalSection
EndGlobal
